// !$*UTF8*$!
{
	archiveVersion = 1;
	classes = {
	};
	objectVersion = 90;
	objects = {

/* Begin PBXBuildFile section */
		WP00000000000000000000A1 /* Assets.xcassets in Resources */ = {isa = PBXBuildFile; fileRef = WP00000000000000000000B1 /* Assets.xcassets */; };
/* End PBXBuildFile section */

/* Begin PBXFileReference section */
		WP00000000000000000000C0 /* WorkPlot.app */ = {isa = PBXFileReference; explicitFileType = wrapper.application; includeInIndex = 0; path = WorkPlot.app; sourceTree = BUILT_PRODUCTS_DIR; };
		WP00000000000000000000B1 /* Assets.xcassets */ = {isa = PBXFileReference; lastKnownFileType = folder.assetcatalog; path = Assets.xcassets; sourceTree = "<group>"; };
/* End PBXFileReference section */

/* Begin PBXFileSystemSynchronizedRootGroup section */
		WP0000000000000000000010 /* Sources */ = {
			isa = PBXFileSystemSynchronizedRootGroup;
			path = .;
			sourceTree = "<group>";
			exceptions = (
				WP0000000000000000000011,
			);
		};
/* End PBXFileSystemSynchronizedRootGroup section */

/* Begin PBXFileSystemSynchronizedBuildFileExceptionSet section */
		WP0000000000000000000011 /* Exceptions */ = {
			isa = PBXFileSystemSynchronizedBuildFileExceptionSet;
			membershipExceptions = (
				Info.plist,
				WorkPlot.xcodeproj,
			);
		};
/* End PBXFileSystemSynchronizedBuildFileExceptionSet section */

/* Begin PBXFrameworksBuildPhase section */
		WP0000000000000000000020 /* Frameworks */ = {
			isa = PBXFrameworksBuildPhase;
			files = (
			);
			runOnlyForDeploymentPostprocessing = 0;
		};
/* End PBXFrameworksBuildPhase section */

/* Begin PBXGroup section */
		WP0000000000000000000001 = {
			isa = PBXGroup;
			children = (
				WP0000000000000000000010 /* Sources */,
				WP00000000000000000000B1 /* Assets.xcassets */,
				WP0000000000000000000022 /* Products */,
			);
			sourceTree = "<group>";
		};
		WP0000000000000000000022 /* Products */ = {
			isa = PBXGroup;
			children = (
				WP00000000000000000000C0 /* WorkPlot.app */,
			);
			name = Products;
			sourceTree = "<group>";
		};
/* End PBXGroup section */

/* Begin PBXNativeTarget section */
		WP0000000000000000000100 /* WorkPlot */ = {
			isa = PBXNativeTarget;
			buildConfigurationList = WP0000000000000000000110;
			buildPhases = (
				WP0000000000000000000021 /* Sources */,
				WP0000000000000000000020 /* Frameworks */,
				WP0000000000000000000023 /* Resources */,
			);
			buildRules = (
			);
			fileSystemSynchronizedGroups = (
				WP0000000000000000000010 /* Sources */,
			);
			name = WorkPlot;
			productName = WorkPlot;
			productReference = WP00000000000000000000C0 /* WorkPlot.app */;
			productType = "com.apple.product-type.application";
		};
/* End PBXNativeTarget section */

/* Begin PBXProject section */
		WP0000000000000000000000 /* Project object */ = {
			isa = PBXProject;
			attributes = {
				BuildIndependentTargetsInParallel = 1;
				LastSwiftUpdateCheck = 2630;
				LastUpgradeCheck = 2700;
				TargetAttributes = {
					WP0000000000000000000100 = {
						CreatedOnToolsVersion = 26.3;
					};
				};
			};
			buildConfigurationList = WP0000000000000000000120;
			developmentRegion = en;
			hasScannedForEncodings = 0;
			knownRegions = (
				en,
				Base,
			);
			mainGroup = WP0000000000000000000001;
			minimizedProjectReferenceProxies = 1;
			preferredProjectObjectVersion = 90;
			productRefGroup = WP0000000000000000000022;
			projectDirPath = "";
			projectRoot = "";
			targets = (
				WP0000000000000000000100 /* WorkPlot */,
			);
		};
/* End PBXProject section */

/* Begin PBXResourcesBuildPhase section */
		WP0000000000000000000023 /* Resources */ = {
			isa = PBXResourcesBuildPhase;
			files = (
				WP00000000000000000000A1 /* Assets.xcassets in Resources */,
			);
			runOnlyForDeploymentPostprocessing = 0;
		};
/* End PBXResourcesBuildPhase section */

/* Begin PBXSourcesBuildPhase section */
		WP0000000000000000000021 /* Sources */ = {
			isa = PBXSourcesBuildPhase;
			files = (
			);
			runOnlyForDeploymentPostprocessing = 0;
		};
/* End PBXSourcesBuildPhase section */

/* Begin XCBuildConfiguration section */
		WP0000000000000000000121 /* Debug */ = {
			isa = XCBuildConfiguration;
			buildSettings = {
				ALWAYS_SEARCH_USER_PATHS = NO;
				CLANG_ANALYZER_NONNULL = YES;
				CLANG_ENABLE_MODULES = YES;
				CLANG_ENABLE_OBJC_ARC = YES;
				COPY_PHASE_STRIP = NO;
				DEBUG_INFORMATION_FORMAT = dwarf;
				ENABLE_STRICT_OBJC_MSGSEND = YES;
				ENABLE_TESTABILITY = YES;
				GCC_C_LANGUAGE_STANDARD = gnu17;
				GCC_DYNAMIC_NO_PIC = NO;
				GCC_OPTIMIZATION_LEVEL = 0;
				GCC_PREPROCESSOR_DEFINITIONS = (
					"DEBUG=1",
					"$(inherited)",
				);
				IPHONEOS_DEPLOYMENT_TARGET = 27.0;
				MTL_ENABLE_DEBUG_INFO = INCLUDE_SOURCE;
				ONLY_ACTIVE_ARCH = YES;
				SDKROOT = iphoneos;
				SWIFT_ACTIVE_COMPILATION_CONDITIONS = "DEBUG $(inherited)";
				SWIFT_OPTIMIZATION_LEVEL = "-Onone";
				SWIFT_VERSION = 5.0;
			};
			name = Debug;
		};
		WP0000000000000000000122 /* Release */ = {
			isa = XCBuildConfiguration;
			buildSettings = {
				ALWAYS_SEARCH_USER_PATHS = NO;
				CLANG_ANALYZER_NONNULL = YES;
				CLANG_ENABLE_MODULES = YES;
				CLANG_ENABLE_OBJC_ARC = YES;
				COPY_PHASE_STRIP = NO;
				DEBUG_INFORMATION_FORMAT = "dwarf-with-dsym";
				ENABLE_NS_ASSERTIONS = NO;
				ENABLE_STRICT_OBJC_MSGSEND = YES;
				GCC_C_LANGUAGE_STANDARD = gnu17;
				IPHONEOS_DEPLOYMENT_TARGET = 27.0;
				MTL_ENABLE_DEBUG_INFO = NO;
				SDKROOT = iphoneos;
				SWIFT_COMPILATION_MODE = wholemodule;
				SWIFT_OPTIMIZATION_LEVEL = "-O";
				SWIFT_VERSION = 5.0;
				VALIDATE_PRODUCT = YES;
			};
			name = Release;
		};
		WP0000000000000000000111 /* Debug */ = {
			isa = XCBuildConfiguration;
			buildSettings = {
				ASSETCATALOG_COMPILER_APPICON_NAME = AppIcon;
				CODE_SIGNING_ALLOWED = NO;
				CODE_SIGNING_REQUIRED = NO;
				CURRENT_PROJECT_VERSION = 1;
				ENABLE_PREVIEWS = YES;
				GENERATE_INFOPLIST_FILE = YES;
				INFOPLIST_FILE = Info.plist;
				INFOPLIST_KEY_UILaunchScreen_Generation = YES;
				IPHONEOS_DEPLOYMENT_TARGET = 27.0;
				MARKETING_VERSION = 1.0;
				PRODUCT_BUNDLE_IDENTIFIER = "com.work.plot.system";
				PRODUCT_NAME = "$(TARGET_NAME)";
				SWIFT_EMIT_LOC_STRINGS = YES;
				SWIFT_OBJC_BRIDGING_HEADER = Exploit/WorkPlot-Bridging-Header.h;
				TARGETED_DEVICE_FAMILY = "1,2";
			};
			name = Debug;
		};
		WP0000000000000000000112 /* Release */ = {
			isa = XCBuildConfiguration;
			buildSettings = {
				ASSETCATALOG_COMPILER_APPICON_NAME = AppIcon;
				CODE_SIGN_IDENTITY = "";
				CODE_SIGNING_ALLOWED = NO;
				CODE_SIGNING_REQUIRED = NO;
				CURRENT_PROJECT_VERSION = 1;
				ENABLE_PREVIEWS = YES;
				GENERATE_INFOPLIST_FILE = YES;
				INFOPLIST_FILE = Info.plist;
				INFOPLIST_KEY_UILaunchScreen_Generation = YES;
				IPHONEOS_DEPLOYMENT_TARGET = 27.0;
				MARKETING_VERSION = 1.0;
				PRODUCT_BUNDLE_IDENTIFIER = "com.work.plot.system";
				PRODUCT_NAME = "$(TARGET_NAME)";
				SWIFT_EMIT_LOC_STRINGS = YES;
				SWIFT_OBJC_BRIDGING_HEADER = Exploit/WorkPlot-Bridging-Header.h;
				TARGETED_DEVICE_FAMILY = "1,2";
				VALIDATE_PRODUCT = YES;
			};
			name = Release;
		};
/* End XCBuildConfiguration section */

/* Begin XCConfigurationList section */
		WP0000000000000000000120 /* Build configuration list for PBXProject "WorkPlot" */ = {
			isa = XCConfigurationList;
			buildConfigurations = (
				WP0000000000000000000121 /* Debug */,
				WP0000000000000000000122 /* Release */,
			);
			defaultConfigurationIsVisible = 0;
			defaultConfigurationName = Release;
		};
		WP0000000000000000000110 /* Build configuration list for PBXNativeTarget "WorkPlot" */ = {
			isa = XCConfigurationList;
			buildConfigurations = (
				WP0000000000000000000111 /* Debug */,
				WP0000000000000000000112 /* Release */,
			);
			defaultConfigurationIsVisible = 0;
			defaultConfigurationName = Release;
		};
/* End XCConfigurationList section */
	};
	rootObject = WP0000000000000000000000 /* Project object */;
}
