// !$*UTF8*$!
{
	archiveVersion = 1;
	classes = {};
	objectVersion = 56;
	objects = {

/* Begin PBXBuildFile section */
		AA00000128E0234B00000001 /* WorkPlotApp.swift in Sources */ = {isa = PBXBuildFile; fileRef = AA00010128E0234B00000001 /* WorkPlotApp.swift */; };
		AA00000228E0234B00000002 /* ExploitManager.swift in Sources */ = {isa = PBXBuildFile; fileRef = AA00010128E0234B00000002 /* ExploitManager.swift */; };
		AA00000328E0234B00000003 /* FileSystemAccessor.swift in Sources */ = {isa = PBXBuildFile; fileRef = AA00010128E0234B00000003 /* FileSystemAccessor.swift */; };
		AA00000428E0234B00000004 /* LiquidGlassController.swift in Sources */ = {isa = PBXBuildFile; fileRef = AA00010128E0234B00000004 /* LiquidGlassController.swift */; };
		AA00000528E0234B00000005 /* RDARFix.swift in Sources */ = {isa = PBXBuildFile; fileRef = AA00010128E0234B00000005 /* RDARFix.swift */; };
		AA00000628E0234B00000006 /* GestaltBackupStore.swift in Sources */ = {isa = PBXBuildFile; fileRef = AA00010128E0234B00000006 /* GestaltBackupStore.swift */; };
		AA00000728E0234B00000007 /* GestaltTweaks.swift in Sources */ = {isa = PBXBuildFile; fileRef = AA00010128E0234B00000007 /* GestaltTweaks.swift */; };
		AA00000828E0234B00000008 /* MainDashboardView.swift in Sources */ = {isa = PBXBuildFile; fileRef = AA00010128E0234B00000008 /* MainDashboardView.swift */; };
		AA00000928E0234B00000009 /* StatusDashboardView.swift in Sources */ = {isa = PBXBuildFile; fileRef = AA00010128E0234B00000009 /* StatusDashboardView.swift */; };
		AA00000A28E0234B0000000A /* GestaltPresetManagerView.swift in Sources */ = {isa = PBXBuildFile; fileRef = AA00010128E0234B0000000A /* GestaltPresetManagerView.swift */; };
		AA00000B28E0234B0000000B /* CustomizationThemeView.swift in Sources */ = {isa = PBXBuildFile; fileRef = AA00010128E0234B0000000B /* CustomizationThemeView.swift */; };
		AA00000C28E0234B0000000C /* FilePatchWorkspaceView.swift in Sources */ = {isa = PBXBuildFile; fileRef = AA00010128E0234B0000000C /* FilePatchWorkspaceView.swift */; };
		AA00000D28E0234B0000000D /* BackupRestoreManagerView.swift in Sources */ = {isa = PBXBuildFile; fileRef = AA00010128E0234B0000000D /* BackupRestoreManagerView.swift */; };
		AA00000E28E0234B0000000E /* BadQueryBridge.m in Sources */ = {isa = PBXBuildFile; fileRef = AA00010128E0234B0000000E /* BadQueryBridge.m */; };
		AA00000F28E0234B0000000F /* GestaltAccess.m in Sources */ = {isa = PBXBuildFile; fileRef = AA00010128E0234B0000000F /* GestaltAccess.m */; };
		AA00001028E0234B00000010 /* Assets.xcassets in Resources */ = {isa = PBXBuildFile; fileRef = AA00010128E0234B00000010 /* Assets.xcassets */; };
/* End PBXBuildFile section */

/* Begin PBXFileReference section */
		AA00020128E0234B00000001 /* WorkPlot.app */ = {isa = PBXFileReference; explicitFileType = wrapper.application; includeInIndex = 0; path = WorkPlot.app; sourceTree = BUILT_PRODUCTS_DIR; };
		AA00030128E0234B00000001 /* WorkPlotApp.swift */ = {isa = PBXFileReference; lastKnownFileType = sourcecode.swift; path = WorkPlotApp.swift; sourceTree = "<group>"; };
		AA00030128E0234B00000002 /* ExploitManager.swift */ = {isa = PBXFileReference; lastKnownFileType = sourcecode.swift; path = ExploitManager.swift; sourceTree = "<group>"; };
		AA00030128E0234B00000003 /* FileSystemAccessor.swift */ = {isa = PBXFileReference; lastKnownFileType = sourcecode.swift; path = FileSystemAccessor.swift; sourceTree = "<group>"; };
		AA00030128E0234B00000004 /* LiquidGlassController.swift */ = {isa = PBXFileReference; lastKnownFileType = sourcecode.swift; path = LiquidGlassController.swift; sourceTree = "<group>"; };
		AA00030128E0234B00000005 /* RDARFix.swift */ = {isa = PBXFileReference; lastKnownFileType = sourcecode.swift; path = RDARFix.swift; sourceTree = "<group>"; };
		AA00030128E0234B00000006 /* GestaltBackupStore.swift */ = {isa = PBXFileReference; lastKnownFileType = sourcecode.swift; path = GestaltBackupStore.swift; sourceTree = "<group>"; };
		AA00030128E0234B00000007 /* GestaltTweaks.swift */ = {isa = PBXFileReference; lastKnownFileType = sourcecode.swift; path = GestaltTweaks.swift; sourceTree = "<group>"; };
		AA00030128E0234B00000008 /* MainDashboardView.swift */ = {isa = PBXFileReference; lastKnownFileType = sourcecode.swift; path = MainDashboardView.swift; sourceTree = "<group>"; };
		AA00030128E0234B00000009 /* StatusDashboardView.swift */ = {isa = PBXFileReference; lastKnownFileType = sourcecode.swift; path = StatusDashboardView.swift; sourceTree = "<group>"; };
		AA00030128E0234B0000000A /* GestaltPresetManagerView.swift */ = {isa = PBXFileReference; lastKnownFileType = sourcecode.swift; path = GestaltPresetManagerView.swift; sourceTree = "<group>"; };
		AA00030128E0234B0000000B /* CustomizationThemeView.swift */ = {isa = PBXFileReference; lastKnownFileType = sourcecode.swift; path = CustomizationThemeView.swift; sourceTree = "<group>"; };
		AA00030128E0234B0000000C /* FilePatchWorkspaceView.swift */ = {isa = PBXFileReference; lastKnownFileType = sourcecode.swift; path = FilePatchWorkspaceView.swift; sourceTree = "<group>"; };
		AA00030128E0234B0000000D /* BackupRestoreManagerView.swift */ = {isa = PBXFileReference; lastKnownFileType = sourcecode.swift; path = BackupRestoreManagerView.swift; sourceTree = "<group>"; };
		AA00030128E0234B0000000E /* BadQueryBridge.m */ = {isa = PBXFileReference; lastKnownFileType = sourcecode.c.objc; path = BadQueryBridge.m; sourceTree = "<group>"; };
		AA00030128E0234B0000000F /* GestaltAccess.m */ = {isa = PBXFileReference; lastKnownFileType = sourcecode.c.objc; path = GestaltAccess.m; sourceTree = "<group>"; };
		AA00030128E0234B00000010 /* Assets.xcassets */ = {isa = PBXFileReference; lastKnownFileType = folder.assetcatalog; path = Assets.xcassets; sourceTree = "<group>"; };
		AA00030128E0234B00000011 /* Info.plist */ = {isa = PBXFileReference; lastKnownFileType = text.plist.xml; path = Info.plist; sourceTree = "<group>"; };
		AA00030128E0234B00000012 /* BadQueryBridge.h */ = {isa = PBXFileReference; lastKnownFileType = sourcecode.c.h; path = BadQueryBridge.h; sourceTree = "<group>"; };
		AA00030128E0234B00000013 /* GestaltAccess.h */ = {isa = PBXFileReference; lastKnownFileType = sourcecode.c.h; path = GestaltAccess.h; sourceTree = "<group>"; };
		AA00030128E0234B00000014 /* WorkPlot-Bridging-Header.h */ = {isa = PBXFileReference; lastKnownFileType = sourcecode.c.h; path = "WorkPlot-Bridging-Header.h"; sourceTree = "<group>"; };
/* End PBXFileReference section */

/* Begin PBXFrameworksBuildPhase section */
		AA00040128E0234B00000001 /* Frameworks */ = {
			isa = PBXFrameworksBuildPhase;
			buildActionMask = 2147483647;
			files = {};
			runOnlyForDeploymentPostprocessing = 0;
		};
/* End PBXFrameworksBuildPhase section */

/* Begin PBXGroup section */
		AA00050128E0234B00000001 /* App */ = {
			isa = PBXGroup;
			children = (
				AA00030128E0234B00000001 /* WorkPlotApp.swift */,
			);
			path = App;
			sourceTree = "<group>";
		};
		AA00050128E0234B00000002 /* Managers */ = {
			isa = PBXGroup;
			children = (
				AA00030128E0234B00000002 /* ExploitManager.swift */,
				AA00030128E0234B00000003 /* FileSystemAccessor.swift */,
				AA00030128E0234B00000004 /* LiquidGlassController.swift */,
				AA00030128E0234B00000005 /* RDARFix.swift */,
				AA00030128E0234B00000006 /* GestaltBackupStore.swift */,
				AA00030128E0234B00000007 /* GestaltTweaks.swift */,
			);
			path = Managers;
			sourceTree = "<group>";
		};
		AA00050128E0234B00000003 /* UI */ = {
			isa = PBXGroup;
			children = (
				AA00030128E0234B00000008 /* MainDashboardView.swift */,
				AA00030128E0234B00000009 /* StatusDashboardView.swift */,
				AA00030128E0234B0000000A /* GestaltPresetManagerView.swift */,
				AA00030128E0234B0000000B /* CustomizationThemeView.swift */,
				AA00030128E0234B0000000C /* FilePatchWorkspaceView.swift */,
				AA00030128E0234B0000000D /* BackupRestoreManagerView.swift */,
			);
			path = UI;
			sourceTree = "<group>";
		};
		AA00050128E0234B00000004 /* Exploit */ = {
			isa = PBXGroup;
			children = (
				AA00030128E0234B00000012 /* BadQueryBridge.h */,
				AA00030128E0234B0000000E /* BadQueryBridge.m */,
				AA00030128E0234B00000013 /* GestaltAccess.h */,
				AA00030128E0234B0000000F /* GestaltAccess.m */,
				AA00030128E0234B00000014 /* WorkPlot-Bridging-Header.h */,
			);
			path = Exploit;
			sourceTree = "<group>";
		};
		AA00050128E0234B00000005 /* Products */ = {
			isa = PBXGroup;
			children = (
				AA00020128E0234B00000001 /* WorkPlot.app */,
			);
			name = Products;
			sourceTree = "<group>";
		};
		AA00050128E0234B00000006 /* WorkPlot */ = {
			isa = PBXGroup;
			children = (
				AA00050128E0234B00000001 /* App */,
				AA00050128E0234B00000002 /* Managers */,
				AA00050128E0234B00000003 /* UI */,
				AA00050128E0234B00000004 /* Exploit */,
				AA00030128E0234B00000010 /* Assets.xcassets */,
				AA00030128E0234B00000011 /* Info.plist */,
				AA00050128E0234B00000005 /* Products */,
			);
			sourceTree = "<group>";
		};
/* End PBXGroup section */

/* Begin PBXNativeTarget section */
		AA00060128E0234B00000001 /* WorkPlot */ = {
			isa = PBXNativeTarget;
			buildConfigurationList = AA00080128E0234B00000002;
			buildPhases = (
				AA00070128E0234B00000001 /* Sources */,
				AA00040128E0234B00000001 /* Frameworks */,
				AA00070128E0234B00000002 /* Resources */,
			);
			buildRules = ();
			dependencies = ();
			name = WorkPlot;
			productName = WorkPlot;
			productReference = AA00020128E0234B00000001 /* WorkPlot.app */;
			productType = "com.apple.product-type.application";
		};
/* End PBXNativeTarget section */

/* Begin PBXProject section */
		AA00090128E0234B00000001 /* Project object */ = {
			isa = PBXProject;
			attributes = {
				LastSwiftUpdateCheck = 1500;
				LastUpgradeCheck = 1500;
				TargetAttributes = {
					AA00060128E0234B00000001 = {
						CreatedOnToolsVersion = 15.0;
					};
				};
			};
			buildConfigurationList = AA00080128E0234B00000001;
			compatibilityVersion = "Xcode 14.0";
			developmentRegion = en;
			hasScannedForEncodings = 0;
			knownRegions = (
				en,
				Base,
			);
			mainGroup = AA00050128E0234B00000006;
			productRefGroup = AA00050128E0234B00000005;
			projectDirPath = "";
			projectRoot = "";
			targets = (
				AA00060128E0234B00000001 /* WorkPlot */,
			);
		};
/* End PBXProject section */

/* Begin PBXResourcesBuildPhase section */
		AA00070128E0234B00000002 /* Resources */ = {
			isa = PBXResourcesBuildPhase;
			buildActionMask = 2147483647;
			files = (
				AA00001028E0234B00000010 /* Assets.xcassets in Resources */,
			);
			runOnlyForDeploymentPostprocessing = 0;
		};
/* End PBXResourcesBuildPhase section */

/* Begin PBXSourcesBuildPhase section */
		AA00070128E0234B00000001 /* Sources */ = {
			isa = PBXSourcesBuildPhase;
			buildActionMask = 2147483647;
			files = (
				AA00000128E0234B00000001 /* WorkPlotApp.swift in Sources */,
				AA00000228E0234B00000002 /* ExploitManager.swift in Sources */,
				AA00000328E0234B00000003 /* FileSystemAccessor.swift in Sources */,
				AA00000428E0234B00000004 /* LiquidGlassController.swift in Sources */,
				AA00000528E0234B00000005 /* RDARFix.swift in Sources */,
				AA00000628E0234B00000006 /* GestaltBackupStore.swift in Sources */,
				AA00000728E0234B00000007 /* GestaltTweaks.swift in Sources */,
				AA00000828E0234B00000008 /* MainDashboardView.swift in Sources */,
				AA00000928E0234B00000009 /* StatusDashboardView.swift in Sources */,
				AA00000A28E0234B0000000A /* GestaltPresetManagerView.swift in Sources */,
				AA00000B28E0234B0000000B /* CustomizationThemeView.swift in Sources */,
				AA00000C28E0234B0000000C /* FilePatchWorkspaceView.swift in Sources */,
				AA00000D28E0234B0000000D /* BackupRestoreManagerView.swift in Sources */,
				AA00000E28E0234B0000000E /* BadQueryBridge.m in Sources */,
				AA00000F28E0234B0000000F /* GestaltAccess.m in Sources */,
			);
			runOnlyForDeploymentPostprocessing = 0;
		};
/* End PBXSourcesBuildPhase section */

/* Begin XCBuildConfiguration section */
		AA000A0128E0234B00000001 /* Debug */ = {
			isa = XCBuildConfiguration;
			buildSettings = {
				ALWAYS_SEARCH_USER_PATHS = NO;
				CODE_SIGNING_ALLOWED = NO;
				CODE_SIGNING_REQUIRED = NO;
				CURRENT_PROJECT_VERSION = 1;
				DEBUG_INFORMATION_FORMAT = dwarf;
				ENABLE_PREVIEWS = YES;
				GENERATE_INFOPLIST_FILE = NO;
				INFOPLIST_FILE = Info.plist;
				IPHONEOS_DEPLOYMENT_TARGET = 27.0;
				MARKETING_VERSION = 1.0;
				PRODUCT_BUNDLE_IDENTIFIER = "com.work.plot.system";
				PRODUCT_NAME = "$(TARGET_NAME)";
				SDKROOT = iphoneos;
				SWIFT_ACTIVE_COMPILATION_CONDITIONS = DEBUG;
				SWIFT_EMIT_LOC_STRINGS = YES;
				SWIFT_VERSION = 5.0;
				TARGETED_DEVICE_FAMILY = "1,2";
			};
			name = Debug;
		};
		AA000A0128E0234B00000002 /* Release */ = {
			isa = XCBuildConfiguration;
			buildSettings = {
				ALWAYS_SEARCH_USER_PATHS = NO;
				DEBUG_INFORMATION_FORMAT = "dwarf-with-dsym";
				IPHONEOS_DEPLOYMENT_TARGET = 27.0;
				SDKROOT = iphoneos;
				SWIFT_OPTIMIZATION_LEVEL = "-O";
				SWIFT_VERSION = 5.0;
				TARGETED_DEVICE_FAMILY = "1,2";
			};
			name = Release;
		};
		AA000A0128E0234B00000003 /* Debug */ = {
			isa = XCBuildConfiguration;
			buildSettings = {
				ASSETCATALOG_COMPILER_APPICON_NAME = AppIcon;
				CODE_SIGNING_ALLOWED = NO;
				CODE_SIGNING_REQUIRED = NO;
				CURRENT_PROJECT_VERSION = 1;
				ENABLE_PREVIEWS = YES;
				GENERATE_INFOPLIST_FILE = NO;
				INFOPLIST_FILE = Info.plist;
				MARKETING_VERSION = 1.0;
				PRODUCT_BUNDLE_IDENTIFIER = "com.work.plot.system";
				PRODUCT_NAME = "$(TARGET_NAME)";
				SWIFT_ACTIVE_COMPILATION_CONDITIONS = DEBUG;
				SWIFT_EMIT_LOC_STRINGS = YES;
				SWIFT_OBJC_BRIDGING_HEADER = Exploit/WorkPlot-Bridging-Header.h;
			};
			name = Debug;
		};
		AA000A0128E0234B00000004 /* Release */ = {
			isa = XCBuildConfiguration;
			buildSettings = {
				ASSETCATALOG_COMPILER_APPICON_NAME = AppIcon;
				CODE_SIGN_IDENTITY = "";
				CODE_SIGNING_ALLOWED = NO;
				CODE_SIGNING_REQUIRED = NO;
				CURRENT_PROJECT_VERSION = 1;
				ENABLE_PREVIEWS = YES;
				GENERATE_INFOPLIST_FILE = NO;
				INFOPLIST_FILE = Info.plist;
				MARKETING_VERSION = 1.0;
				PRODUCT_BUNDLE_IDENTIFIER = "com.work.plot.system";
				PRODUCT_NAME = "$(TARGET_NAME)";
				SWIFT_EMIT_LOC_STRINGS = YES;
				SWIFT_OBJC_BRIDGING_HEADER = Exploit/WorkPlot-Bridging-Header.h;
				VALIDATE_PRODUCT = YES;
			};
			name = Release;
		};
/* End XCBuildConfiguration section */

/* Begin XCConfigurationList section */
		AA00080128E0234B00000001 /* Build configuration list for PBXProject "WorkPlot" */ = {
			isa = XCConfigurationList;
			buildConfigurations = (
				AA000A0128E0234B00000001 /* Debug */,
				AA000A0128E0234B00000002 /* Release */,
			);
			defaultConfigurationIsVisible = 0;
			defaultConfigurationName = Release;
		};
		AA00080128E0234B00000002 /* Build configuration list for PBXNativeTarget "WorkPlot" */ = {
			isa = XCConfigurationList;
			buildConfigurations = (
				AA000A0128E0234B00000003 /* Debug */,
				AA000A0128E0234B00000004 /* Release */,
			);
			defaultConfigurationIsVisible = 0;
			defaultConfigurationName = Release;
		};
/* End XCConfigurationList section */
	};
	rootObject = AA00090128E0234B00000001 /* Project object */;
}
